// !$*UTF8*$!
{
	archiveVersion = 1;
	classes = {
	};
	objectVersion = 56;
	objects = {

/* Begin PBXBuildFile section */
		2751B6F22904102800FE552B /* BeRealApp.swift in Sources */ = {isa = PBXBuildFile; fileRef = 2751B6F12904102800FE552B /* BeRealApp.swift */; };
		2751B6F42904102800FE552B /* ContentView.swift in Sources */ = {isa = PBXBuildFile; fileRef = 2751B6F32904102800FE552B /* ContentView.swift */; };
		2751B6F62904102A00FE552B /* Assets.xcassets in Resources */ = {isa = PBXBuildFile; fileRef = 2751B6F52904102A00FE552B /* Assets.xcassets */; };
		2751B6F92904102A00FE552B /* Preview Assets.xcassets in Resources */ = {isa = PBXBuildFile; fileRef = 2751B6F82904102A00FE552B /* Preview Assets.xcassets */; };
		2751B7022904106A00FE552B /* LoadingMainView.swift in Sources */ = {isa = PBXBuildFile; fileRef = 2751B7012904106A00FE552B /* LoadingMainView.swift */; };
		2751B704290410FF00FE552B /* MainView.swift in Sources */ = {isa = PBXBuildFile; fileRef = 2751B703290410FF00FE552B /* MainView.swift */; };
		2751B70A29041AB800FE552B /* PostView.swift in Sources */ = {isa = PBXBuildFile; fileRef = 2751B70929041AB800FE552B /* PostView.swift */; };
		2751B70E29041AE900FE552B /* AvatarView.swift in Sources */ = {isa = PBXBuildFile; fileRef = 2751B70D29041AE900FE552B /* AvatarView.swift */; };
		2751B71029041D2C00FE552B /* MyPostView.swift in Sources */ = {isa = PBXBuildFile; fileRef = 2751B70F29041D2C00FE552B /* MyPostView.swift */; };
		2751B712290427CE00FE552B /* ShakeManager.swift in Sources */ = {isa = PBXBuildFile; fileRef = 2751B711290427CE00FE552B /* ShakeManager.swift */; };
		2751B7152904397200FE552B /* FriendsView.swift in Sources */ = {isa = PBXBuildFile; fileRef = 2751B7142904397200FE552B /* FriendsView.swift */; };
		27A9A0282907B3A800820367 /* Focuser in Frameworks */ = {isa = PBXBuildFile; productRef = 27A9A0272907B3A800820367 /* Focuser */; };
		27A9A02A2907BF6000820367 /* SegmentedControlView.swift in Sources */ = {isa = PBXBuildFile; fileRef = 27A9A0292907BF6000820367 /* SegmentedControlView.swift */; };
		27A9A02C2907C38900820367 /* BackgroundProtectionView.swift in Sources */ = {isa = PBXBuildFile; fileRef = 27A9A02B2907C38900820367 /* BackgroundProtectionView.swift */; };
		27A9A02E2907CFD900820367 /* SearchField.swift in Sources */ = {isa = PBXBuildFile; fileRef = 27A9A02D2907CFD900820367 /* SearchField.swift */; };
		27A9A0302907CFE300820367 /* ContactCell.swift in Sources */ = {isa = PBXBuildFile; fileRef = 27A9A02F2907CFE300820367 /* ContactCell.swift */; };
		27A9A0322907CFEB00820367 /* FriendCell.swift in Sources */ = {isa = PBXBuildFile; fileRef = 27A9A0312907CFEB00820367 /* FriendCell.swift */; };
		27A9A0342907D02500820367 /* VisualEffectView.swift in Sources */ = {isa = PBXBuildFile; fileRef = 27A9A0332907D02500820367 /* VisualEffectView.swift */; };
		27A9A0362907D04A00820367 /* ShareMyProfileView.swift in Sources */ = {isa = PBXBuildFile; fileRef = 27A9A0352907D04A00820367 /* ShareMyProfileView.swift */; };
/* End PBXBuildFile section */

/* Begin PBXFileReference section */
		2751B6EE2904102800FE552B /* BeReal.app */ = {isa = PBXFileReference; explicitFileType = wrapper.application; includeInIndex = 0; path = BeReal.app; sourceTree = BUILT_PRODUCTS_DIR; };
		2751B6F12904102800FE552B /* BeRealApp.swift */ = {isa = PBXFileReference; lastKnownFileType = sourcecode.swift; path = BeRealApp.swift; sourceTree = "<group>"; };
		2751B6F32904102800FE552B /* ContentView.swift */ = {isa = PBXFileReference; lastKnownFileType = sourcecode.swift; path = ContentView.swift; sourceTree = "<group>"; };
		2751B6F52904102A00FE552B /* Assets.xcassets */ = {isa = PBXFileReference; lastKnownFileType = folder.assetcatalog; path = Assets.xcassets; sourceTree = "<group>"; };
		2751B6F82904102A00FE552B /* Preview Assets.xcassets */ = {isa = PBXFileReference; lastKnownFileType = folder.assetcatalog; path = "Preview Assets.xcassets"; sourceTree = "<group>"; };
		2751B7012904106A00FE552B /* LoadingMainView.swift */ = {isa = PBXFileReference; lastKnownFileType = sourcecode.swift; path = LoadingMainView.swift; sourceTree = "<group>"; };
		2751B703290410FF00FE552B /* MainView.swift */ = {isa = PBXFileReference; lastKnownFileType = sourcecode.swift; path = MainView.swift; sourceTree = "<group>"; };
		2751B70929041AB800FE552B /* PostView.swift */ = {isa = PBXFileReference; lastKnownFileType = sourcecode.swift; path = PostView.swift; sourceTree = "<group>"; };
		2751B70D29041AE900FE552B /* AvatarView.swift */ = {isa = PBXFileReference; lastKnownFileType = sourcecode.swift; path = AvatarView.swift; sourceTree = "<group>"; };
		2751B70F29041D2C00FE552B /* MyPostView.swift */ = {isa = PBXFileReference; lastKnownFileType = sourcecode.swift; path = MyPostView.swift; sourceTree = "<group>"; };
		2751B711290427CE00FE552B /* ShakeManager.swift */ = {isa = PBXFileReference; fileEncoding = 4; lastKnownFileType = sourcecode.swift; path = ShakeManager.swift; sourceTree = "<group>"; };
		2751B7142904397200FE552B /* FriendsView.swift */ = {isa = PBXFileReference; lastKnownFileType = sourcecode.swift; path = FriendsView.swift; sourceTree = "<group>"; };
		27A9A0292907BF6000820367 /* SegmentedControlView.swift */ = {isa = PBXFileReference; lastKnownFileType = sourcecode.swift; path = SegmentedControlView.swift; sourceTree = "<group>"; };
		27A9A02B2907C38900820367 /* BackgroundProtectionView.swift */ = {isa = PBXFileReference; lastKnownFileType = sourcecode.swift; path = BackgroundProtectionView.swift; sourceTree = "<group>"; };
		27A9A02D2907CFD900820367 /* SearchField.swift */ = {isa = PBXFileReference; lastKnownFileType = sourcecode.swift; path = SearchField.swift; sourceTree = "<group>"; };
		27A9A02F2907CFE300820367 /* ContactCell.swift */ = {isa = PBXFileReference; lastKnownFileType = sourcecode.swift; path = ContactCell.swift; sourceTree = "<group>"; };
		27A9A0312907CFEB00820367 /* FriendCell.swift */ = {isa = PBXFileReference; lastKnownFileType = sourcecode.swift; path = FriendCell.swift; sourceTree = "<group>"; };
		27A9A0332907D02500820367 /* VisualEffectView.swift */ = {isa = PBXFileReference; lastKnownFileType = sourcecode.swift; path = VisualEffectView.swift; sourceTree = "<group>"; };
		27A9A0352907D04A00820367 /* ShareMyProfileView.swift */ = {isa = PBXFileReference; lastKnownFileType = sourcecode.swift; path = ShareMyProfileView.swift; sourceTree = "<group>"; };
/* End PBXFileReference section */

/* Begin PBXFrameworksBuildPhase section */
		2751B6EB2904102800FE552B /* Frameworks */ = {
			isa = PBXFrameworksBuildPhase;
			buildActionMask = 2147483647;
			files = (
				27A9A0282907B3A800820367 /* Focuser in Frameworks */,
			);
			runOnlyForDeploymentPostprocessing = 0;
		};
/* End PBXFrameworksBuildPhase section */

/* Begin PBXGroup section */
		2751B6E52904102800FE552B = {
			isa = PBXGroup;
			children = (
				2751B6F02904102800FE552B /* BeReal */,
				2751B6EF2904102800FE552B /* Products */,
			);
			sourceTree = "<group>";
		};
		2751B6EF2904102800FE552B /* Products */ = {
			isa = PBXGroup;
			children = (
				2751B6EE2904102800FE552B /* BeReal.app */,
			);
			name = Products;
			sourceTree = "<group>";
		};
		2751B6F02904102800FE552B /* BeReal */ = {
			isa = PBXGroup;
			children = (
				2751B6FF2904104A00FE552B /* MainApp */,
				2751B6F12904102800FE552B /* BeRealApp.swift */,
				2751B6F32904102800FE552B /* ContentView.swift */,
				2751B6F52904102A00FE552B /* Assets.xcassets */,
				2751B6F72904102A00FE552B /* Preview Content */,
			);
			path = BeReal;
			sourceTree = "<group>";
		};
		2751B6F72904102A00FE552B /* Preview Content */ = {
			isa = PBXGroup;
			children = (
				2751B6F82904102A00FE552B /* Preview Assets.xcassets */,
			);
			path = "Preview Content";
			sourceTree = "<group>";
		};
		2751B6FF2904104A00FE552B /* MainApp */ = {
			isa = PBXGroup;
			children = (
				2751B713290427D100FE552B /* Managers */,
				2751B70829041AB200FE552B /* Views */,
				2751B7002904105D00FE552B /* Navigation */,
			);
			path = MainApp;
			sourceTree = "<group>";
		};
		2751B7002904105D00FE552B /* Navigation */ = {
			isa = PBXGroup;
			children = (
				2751B7012904106A00FE552B /* LoadingMainView.swift */,
				2751B703290410FF00FE552B /* MainView.swift */,
				2751B7142904397200FE552B /* FriendsView.swift */,
			);
			path = Navigation;
			sourceTree = "<group>";
		};
		2751B70829041AB200FE552B /* Views */ = {
			isa = PBXGroup;
			children = (
				2751B70929041AB800FE552B /* PostView.swift */,
				2751B70D29041AE900FE552B /* AvatarView.swift */,
				2751B70F29041D2C00FE552B /* MyPostView.swift */,
				27A9A0332907D02500820367 /* VisualEffectView.swift */,
				27A9A0292907BF6000820367 /* SegmentedControlView.swift */,
				27A9A02B2907C38900820367 /* BackgroundProtectionView.swift */,
				27A9A02D2907CFD900820367 /* SearchField.swift */,
				27A9A02F2907CFE300820367 /* ContactCell.swift */,
				27A9A0352907D04A00820367 /* ShareMyProfileView.swift */,
				27A9A0312907CFEB00820367 /* FriendCell.swift */,
			);
			path = Views;
			sourceTree = "<group>";
		};
		2751B713290427D100FE552B /* Managers */ = {
			isa = PBXGroup;
			children = (
				2751B711290427CE00FE552B /* ShakeManager.swift */,
			);
			path = Managers;
			sourceTree = "<group>";
		};
/* End PBXGroup section */

/* Begin PBXNativeTarget section */
		2751B6ED2904102800FE552B /* BeReal */ = {
			isa = PBXNativeTarget;
			buildConfigurationList = 2751B6FC2904102A00FE552B /* Build configuration list for PBXNativeTarget "BeReal" */;
			buildPhases = (
				2751B6EA2904102800FE552B /* Sources */,
				2751B6EB2904102800FE552B /* Frameworks */,
				2751B6EC2904102800FE552B /* Resources */,
			);
			buildRules = (
			);
			dependencies = (
			);
			name = BeReal;
			packageProductDependencies = (
				27A9A0272907B3A800820367 /* Focuser */,
			);
			productName = BeReal;
			productReference = 2751B6EE2904102800FE552B /* BeReal.app */;
			productType = "com.apple.product-type.application";
		};
/* End PBXNativeTarget section */

/* Begin PBXProject section */
		2751B6E62904102800FE552B /* Project object */ = {
			isa = PBXProject;
			attributes = {
				BuildIndependentTargetsInParallel = 1;
				LastSwiftUpdateCheck = 1400;
				LastUpgradeCheck = 1400;
				TargetAttributes = {
					2751B6ED2904102800FE552B = {
						CreatedOnToolsVersion = 14.0.1;
					};
				};
			};
			buildConfigurationList = 2751B6E92904102800FE552B /* Build configuration list for PBXProject "BeReal" */;
			compatibilityVersion = "Xcode 14.0";
			developmentRegion = en;
			hasScannedForEncodings = 0;
			knownRegions = (
				en,
				Base,
			);
			mainGroup = 2751B6E52904102800FE552B;
			packageReferences = (
				27A9A0262907B3A800820367 /* XCRemoteSwiftPackageReference "swift-focuser" */,
			);
			productRefGroup = 2751B6EF2904102800FE552B /* Products */;
			projectDirPath = "";
			projectRoot = "";
			targets = (
				2751B6ED2904102800FE552B /* BeReal */,
			);
		};
/* End PBXProject section */

/* Begin PBXResourcesBuildPhase section */
		2751B6EC2904102800FE552B /* Resources */ = {
			isa = PBXResourcesBuildPhase;
			buildActionMask = 2147483647;
			files = (
				2751B6F92904102A00FE552B /* Preview Assets.xcassets in Resources */,
				2751B6F62904102A00FE552B /* Assets.xcassets in Resources */,
			);
			runOnlyForDeploymentPostprocessing = 0;
		};
/* End PBXResourcesBuildPhase section */

/* Begin PBXSourcesBuildPhase section */
		2751B6EA2904102800FE552B /* Sources */ = {
			isa = PBXSourcesBuildPhase;
			buildActionMask = 2147483647;
			files = (
				2751B6F42904102800FE552B /* ContentView.swift in Sources */,
				2751B712290427CE00FE552B /* ShakeManager.swift in Sources */,
				2751B71029041D2C00FE552B /* MyPostView.swift in Sources */,
				27A9A0302907CFE300820367 /* ContactCell.swift in Sources */,
				2751B7152904397200FE552B /* FriendsView.swift in Sources */,
				27A9A0342907D02500820367 /* VisualEffectView.swift in Sources */,
				2751B70E29041AE900FE552B /* AvatarView.swift in Sources */,
				27A9A02C2907C38900820367 /* BackgroundProtectionView.swift in Sources */,
				27A9A0362907D04A00820367 /* ShareMyProfileView.swift in Sources */,
				27A9A0322907CFEB00820367 /* FriendCell.swift in Sources */,
				27A9A02E2907CFD900820367 /* SearchField.swift in Sources */,
				27A9A02A2907BF6000820367 /* SegmentedControlView.swift in Sources */,
				2751B704290410FF00FE552B /* MainView.swift in Sources */,
				2751B6F22904102800FE552B /* BeRealApp.swift in Sources */,
				2751B70A29041AB800FE552B /* PostView.swift in Sources */,
				2751B7022904106A00FE552B /* LoadingMainView.swift in Sources */,
			);
			runOnlyForDeploymentPostprocessing = 0;
		};
/* End PBXSourcesBuildPhase section */

/* Begin XCBuildConfiguration section */
		2751B6FA2904102A00FE552B /* Debug */ = {
			isa = XCBuildConfiguration;
			buildSettings = {
				ALWAYS_SEARCH_USER_PATHS = NO;
				CLANG_ANALYZER_NONNULL = YES;
				CLANG_ANALYZER_NUMBER_OBJECT_CONVERSION = YES_AGGRESSIVE;
				CLANG_CXX_LANGUAGE_STANDARD = "gnu++20";
				CLANG_ENABLE_MODULES = YES;
				CLANG_ENABLE_OBJC_ARC = YES;
				CLANG_ENABLE_OBJC_WEAK = YES;
				CLANG_WARN_BLOCK_CAPTURE_AUTORELEASING = YES;
				CLANG_WARN_BOOL_CONVERSION = YES;
				CLANG_WARN_COMMA = YES;
				CLANG_WARN_CONSTANT_CONVERSION = YES;
				CLANG_WARN_DEPRECATED_OBJC_IMPLEMENTATIONS = YES;
				CLANG_WARN_DIRECT_OBJC_ISA_USAGE = YES_ERROR;
				CLANG_WARN_DOCUMENTATION_COMMENTS = YES;
				CLANG_WARN_EMPTY_BODY = YES;
				CLANG_WARN_ENUM_CONVERSION = YES;
				CLANG_WARN_INFINITE_RECURSION = YES;
				CLANG_WARN_INT_CONVERSION = YES;
				CLANG_WARN_NON_LITERAL_NULL_CONVERSION = YES;
				CLANG_WARN_OBJC_IMPLICIT_RETAIN_SELF = YES;
				CLANG_WARN_OBJC_LITERAL_CONVERSION = YES;
				CLANG_WARN_OBJC_ROOT_CLASS = YES_ERROR;
				CLANG_WARN_QUOTED_INCLUDE_IN_FRAMEWORK_HEADER = YES;
				CLANG_WARN_RANGE_LOOP_ANALYSIS = YES;
				CLANG_WARN_STRICT_PROTOTYPES = YES;
				CLANG_WARN_SUSPICIOUS_MOVE = YES;
				CLANG_WARN_UNGUARDED_AVAILABILITY = YES_AGGRESSIVE;
				CLANG_WARN_UNREACHABLE_CODE = YES;
				CLANG_WARN__DUPLICATE_METHOD_MATCH = YES;
				COPY_PHASE_STRIP = NO;
				DEBUG_INFORMATION_FORMAT = dwarf;
				ENABLE_STRICT_OBJC_MSGSEND = YES;
				ENABLE_TESTABILITY = YES;
				GCC_C_LANGUAGE_STANDARD = gnu11;
				GCC_DYNAMIC_NO_PIC = NO;
				GCC_NO_COMMON_BLOCKS = YES;
				GCC_OPTIMIZATION_LEVEL = 0;
				GCC_PREPROCESSOR_DEFINITIONS = (
					"DEBUG=1",
					"$(inherited)",
				);
				GCC_WARN_64_TO_32_BIT_CONVERSION = YES;
				GCC_WARN_ABOUT_RETURN_TYPE = YES_ERROR;
				GCC_WARN_UNDECLARED_SELECTOR = YES;
				GCC_WARN_UNINITIALIZED_AUTOS = YES_AGGRESSIVE;
				GCC_WARN_UNUSED_FUNCTION = YES;
				GCC_WARN_UNUSED_VARIABLE = YES;
				IPHONEOS_DEPLOYMENT_TARGET = 16.0;
				MTL_ENABLE_DEBUG_INFO = INCLUDE_SOURCE;
				MTL_FAST_MATH = YES;
				ONLY_ACTIVE_ARCH = YES;
				SDKROOT = iphoneos;
				SWIFT_ACTIVE_COMPILATION_CONDITIONS = DEBUG;
				SWIFT_OPTIMIZATION_LEVEL = "-Onone";
			};
			name = Debug;
		};
		2751B6FB2904102A00FE552B /* Release */ = {
			isa = XCBuildConfiguration;
			buildSettings = {
				ALWAYS_SEARCH_USER_PATHS = NO;
				CLANG_ANALYZER_NONNULL = YES;
				CLANG_ANALYZER_NUMBER_OBJECT_CONVERSION = YES_AGGRESSIVE;
				CLANG_CXX_LANGUAGE_STANDARD = "gnu++20";
				CLANG_ENABLE_MODULES = YES;
				CLANG_ENABLE_OBJC_ARC = YES;
				CLANG_ENABLE_OBJC_WEAK = YES;
				CLANG_WARN_BLOCK_CAPTURE_AUTORELEASING = YES;
				CLANG_WARN_BOOL_CONVERSION = YES;
				CLANG_WARN_COMMA = YES;
				CLANG_WARN_CONSTANT_CONVERSION = YES;
				CLANG_WARN_DEPRECATED_OBJC_IMPLEMENTATIONS = YES;
				CLANG_WARN_DIRECT_OBJC_ISA_USAGE = YES_ERROR;
				CLANG_WARN_DOCUMENTATION_COMMENTS = YES;
				CLANG_WARN_EMPTY_BODY = YES;
				CLANG_WARN_ENUM_CONVERSION = YES;
				CLANG_WARN_INFINITE_RECURSION = YES;
				CLANG_WARN_INT_CONVERSION = YES;
				CLANG_WARN_NON_LITERAL_NULL_CONVERSION = YES;
				CLANG_WARN_OBJC_IMPLICIT_RETAIN_SELF = YES;
				CLANG_WARN_OBJC_LITERAL_CONVERSION = YES;
				CLANG_WARN_OBJC_ROOT_CLASS = YES_ERROR;
				CLANG_WARN_QUOTED_INCLUDE_IN_FRAMEWORK_HEADER = YES;
				CLANG_WARN_RANGE_LOOP_ANALYSIS = YES;
				CLANG_WARN_STRICT_PROTOTYPES = YES;
				CLANG_WARN_SUSPICIOUS_MOVE = YES;
				CLANG_WARN_UNGUARDED_AVAILABILITY = YES_AGGRESSIVE;
				CLANG_WARN_UNREACHABLE_CODE = YES;
				CLANG_WARN__DUPLICATE_METHOD_MATCH = YES;
				COPY_PHASE_STRIP = NO;
				DEBUG_INFORMATION_FORMAT = "dwarf-with-dsym";
				ENABLE_NS_ASSERTIONS = NO;
				ENABLE_STRICT_OBJC_MSGSEND = YES;
				GCC_C_LANGUAGE_STANDARD = gnu11;
				GCC_NO_COMMON_BLOCKS = YES;
				GCC_WARN_64_TO_32_BIT_CONVERSION = YES;
				GCC_WARN_ABOUT_RETURN_TYPE = YES_ERROR;
				GCC_WARN_UNDECLARED_SELECTOR = YES;
				GCC_WARN_UNINITIALIZED_AUTOS = YES_AGGRESSIVE;
				GCC_WARN_UNUSED_FUNCTION = YES;
				GCC_WARN_UNUSED_VARIABLE = YES;
				IPHONEOS_DEPLOYMENT_TARGET = 16.0;
				MTL_ENABLE_DEBUG_INFO = NO;
				MTL_FAST_MATH = YES;
				SDKROOT = iphoneos;
				SWIFT_COMPILATION_MODE = wholemodule;
				SWIFT_OPTIMIZATION_LEVEL = "-O";
				VALIDATE_PRODUCT = YES;
			};
			name = Release;
		};
		2751B6FD2904102A00FE552B /* Debug */ = {
			isa = XCBuildConfiguration;
			buildSettings = {
				ASSETCATALOG_COMPILER_APPICON_NAME = AppIcon;
				ASSETCATALOG_COMPILER_GLOBAL_ACCENT_COLOR_NAME = AccentColor;
				CODE_SIGN_STYLE = Automatic;
				CURRENT_PROJECT_VERSION = 1;
				DEVELOPMENT_ASSET_PATHS = "\"BeReal/Preview Content\"";
				DEVELOPMENT_TEAM = C6ATNQ6UYV;
				ENABLE_PREVIEWS = YES;
				GENERATE_INFOPLIST_FILE = YES;
				INFOPLIST_KEY_LSApplicationCategoryType = "public.app-category.social-networking";
				INFOPLIST_KEY_UIApplicationSceneManifest_Generation = YES;
				INFOPLIST_KEY_UIApplicationSupportsIndirectInputEvents = YES;
				INFOPLIST_KEY_UILaunchScreen_Generation = YES;
				INFOPLIST_KEY_UISupportedInterfaceOrientations = UIInterfaceOrientationPortrait;
				IPHONEOS_DEPLOYMENT_TARGET = 14.0;
				LD_RUNPATH_SEARCH_PATHS = (
					"$(inherited)",
					"@executable_path/Frameworks",
				);
				MARKETING_VERSION = 1.0;
				PRODUCT_BUNDLE_IDENTIFIER = com.yaya.BeReal;
				PRODUCT_NAME = "$(TARGET_NAME)";
				SUPPORTED_PLATFORMS = "iphoneos iphonesimulator";
				SUPPORTS_MACCATALYST = NO;
				SUPPORTS_MAC_DESIGNED_FOR_IPHONE_IPAD = NO;
				SWIFT_EMIT_LOC_STRINGS = YES;
				SWIFT_VERSION = 5.0;
				TARGETED_DEVICE_FAMILY = 1;
			};
			name = Debug;
		};
		2751B6FE2904102A00FE552B /* Release */ = {
			isa = XCBuildConfiguration;
			buildSettings = {
				ASSETCATALOG_COMPILER_APPICON_NAME = AppIcon;
				ASSETCATALOG_COMPILER_GLOBAL_ACCENT_COLOR_NAME = AccentColor;
				CODE_SIGN_STYLE = Automatic;
				CURRENT_PROJECT_VERSION = 1;
				DEVELOPMENT_ASSET_PATHS = "\"BeReal/Preview Content\"";
				DEVELOPMENT_TEAM = C6ATNQ6UYV;
				ENABLE_PREVIEWS = YES;
				GENERATE_INFOPLIST_FILE = YES;
				INFOPLIST_KEY_LSApplicationCategoryType = "public.app-category.social-networking";
				INFOPLIST_KEY_UIApplicationSceneManifest_Generation = YES;
				INFOPLIST_KEY_UIApplicationSupportsIndirectInputEvents = YES;
				INFOPLIST_KEY_UILaunchScreen_Generation = YES;
				INFOPLIST_KEY_UISupportedInterfaceOrientations = UIInterfaceOrientationPortrait;
				IPHONEOS_DEPLOYMENT_TARGET = 14.0;
				LD_RUNPATH_SEARCH_PATHS = (
					"$(inherited)",
					"@executable_path/Frameworks",
				);
				MARKETING_VERSION = 1.0;
				PRODUCT_BUNDLE_IDENTIFIER = com.yaya.BeReal;
				PRODUCT_NAME = "$(TARGET_NAME)";
				SUPPORTED_PLATFORMS = "iphoneos iphonesimulator";
				SUPPORTS_MACCATALYST = NO;
				SUPPORTS_MAC_DESIGNED_FOR_IPHONE_IPAD = NO;
				SWIFT_EMIT_LOC_STRINGS = YES;
				SWIFT_VERSION = 5.0;
				TARGETED_DEVICE_FAMILY = 1;
			};
			name = Release;
		};
/* End XCBuildConfiguration section */

/* Begin XCConfigurationList section */
		2751B6E92904102800FE552B /* Build configuration list for PBXProject "BeReal" */ = {
			isa = XCConfigurationList;
			buildConfigurations = (
				2751B6FA2904102A00FE552B /* Debug */,
				2751B6FB2904102A00FE552B /* Release */,
			);
			defaultConfigurationIsVisible = 0;
			defaultConfigurationName = Release;
		};
		2751B6FC2904102A00FE552B /* Build configuration list for PBXNativeTarget "BeReal" */ = {
			isa = XCConfigurationList;
			buildConfigurations = (
				2751B6FD2904102A00FE552B /* Debug */,
				2751B6FE2904102A00FE552B /* Release */,
			);
			defaultConfigurationIsVisible = 0;
			defaultConfigurationName = Release;
		};
/* End XCConfigurationList section */

/* Begin XCRemoteSwiftPackageReference section */
		27A9A0262907B3A800820367 /* XCRemoteSwiftPackageReference "swift-focuser" */ = {
			isa = XCRemoteSwiftPackageReference;
			repositoryURL = "git@github.com:art-technologies/swift-focuser.git";
			requirement = {
				kind = upToNextMajorVersion;
				minimumVersion = 0.2.0;
			};
		};
/* End XCRemoteSwiftPackageReference section */

/* Begin XCSwiftPackageProductDependency section */
		27A9A0272907B3A800820367 /* Focuser */ = {
			isa = XCSwiftPackageProductDependency;
			package = 27A9A0262907B3A800820367 /* XCRemoteSwiftPackageReference "swift-focuser" */;
			productName = Focuser;
		};
/* End XCSwiftPackageProductDependency section */
	};
	rootObject = 2751B6E62904102800FE552B /* Project object */;
}
